
Microsoft Visual Studio Solution File, Format Version 12.00
# Visual Studio Version 17
VisualStudioVersion = 17.1.32421.90
MinimumVisualStudioVersion = 10.0.40219.1
Project("{9A19103F-16F7-4668-BE54-9A1E7A4F7556}") = "SwissTransport", "src\SwissTransport\SwissTransport.csproj", "{D0262178-A48F-4DE0-807B-E76B63E39421}"
EndProject
Project("{9A19103F-16F7-4668-BE54-9A1E7A4F7556}") = "SwissTransportTest", "tests\SwissTransportTest\SwissTransportTest.csproj", "{959C6E54-5B1C-40F5-938A-C57B17451421}"
EndProject
Project("{9A19103F-16F7-4668-BE54-9A1E7A4F7556}") = "SwissTransportGUI", "SwissTransportGUI\SwissTransportGUI.csproj", "{0846336A-0445-4F26-8F7D-09A969ECB043}"
EndProject
Project("{9A19103F-16F7-4668-BE54-9A1E7A4F7556}") = "MailingTest", "MailingTest\MailingTest.csproj", "{719B4B7B-7068-4310-9F2E-60A7AF2A2830}"
EndProject
Project("{54435603-DBB4-11D2-8724-00A0C9A8B90C}") = "SetupSchulerBahnApp", "SetupSchulerBahnApp\SetupSchulerBahnApp.vdproj", "{957B89BB-C4E5-4B04-89EC-25BECB519547}"
EndProject
Global
	GlobalSection(SolutionConfigurationPlatforms) = preSolution
		Debug|Any CPU = Debug|Any CPU
		Release|Any CPU = Release|Any CPU
	EndGlobalSection
	GlobalSection(ProjectConfigurationPlatforms) = postSolution
		{D0262178-A48F-4DE0-807B-E76B63E39421}.Debug|Any CPU.ActiveCfg = Debug|Any CPU
		{D0262178-A48F-4DE0-807B-E76B63E39421}.Debug|Any CPU.Build.0 = Debug|Any CPU
		{D0262178-A48F-4DE0-807B-E76B63E39421}.Release|Any CPU.ActiveCfg = Release|Any CPU
		{D0262178-A48F-4DE0-807B-E76B63E39421}.Release|Any CPU.Build.0 = Release|Any CPU
		{959C6E54-5B1C-40F5-938A-C57B17451421}.Debug|Any CPU.ActiveCfg = Debug|Any CPU
		{959C6E54-5B1C-40F5-938A-C57B17451421}.Debug|Any CPU.Build.0 = Debug|Any CPU
		{959C6E54-5B1C-40F5-938A-C57B17451421}.Release|Any CPU.ActiveCfg = Release|Any CPU
		{959C6E54-5B1C-40F5-938A-C57B17451421}.Release|Any CPU.Build.0 = Release|Any CPU
		{0846336A-0445-4F26-8F7D-09A969ECB043}.Debug|Any CPU.ActiveCfg = Debug|Any CPU
		{0846336A-0445-4F26-8F7D-09A969ECB043}.Debug|Any CPU.Build.0 = Debug|Any CPU
		{0846336A-0445-4F26-8F7D-09A969ECB043}.Release|Any CPU.ActiveCfg = Release|Any CPU
		{0846336A-0445-4F26-8F7D-09A969ECB043}.Release|Any CPU.Build.0 = Release|Any CPU
		{719B4B7B-7068-4310-9F2E-60A7AF2A2830}.Debug|Any CPU.ActiveCfg = Debug|Any CPU
		{719B4B7B-7068-4310-9F2E-60A7AF2A2830}.Debug|Any CPU.Build.0 = Debug|Any CPU
		{719B4B7B-7068-4310-9F2E-60A7AF2A2830}.Release|Any CPU.ActiveCfg = Release|Any CPU
		{719B4B7B-7068-4310-9F2E-60A7AF2A2830}.Release|Any CPU.Build.0 = Release|Any CPU
		{957B89BB-C4E5-4B04-89EC-25BECB519547}.Debug|Any CPU.ActiveCfg = Debug
		{957B89BB-C4E5-4B04-89EC-25BECB519547}.Release|Any CPU.ActiveCfg = Release
	EndGlobalSection
	GlobalSection(SolutionProperties) = preSolution
		HideSolutionNode = FALSE
	EndGlobalSection
	GlobalSection(ExtensibilityGlobals) = postSolution
		SolutionGuid = {30A1DBA2-9272-4D37-BB1D-14A3F861BF5C}
	EndGlobalSection
EndGlobal
